
Microsoft Visual Studio Solution File, Format Version 12.00
# Visual Studio Version 17
VisualStudioVersion = 17.5.33502.453
MinimumVisualStudioVersion = 10.0.40219.1
Project("{FAE04EC0-301F-11D3-BF4B-00C04F79EFBC}") = "hackday_maui_reactor", "hackday_maui_reactor.csproj", "{DAD3EF3D-7765-4DA4-B851-34475E91214A}"
EndProject
Global
	GlobalSection(SolutionConfigurationPlatforms) = preSolution
		Debug|Any CPU = Debug|Any CPU
		Release|Any CPU = Release|Any CPU
	EndGlobalSection
	GlobalSection(ProjectConfigurationPlatforms) = postSolution
		{DAD3EF3D-7765-4DA4-B851-34475E91214A}.Debug|Any CPU.ActiveCfg = Debug|Any CPU
		{DAD3EF3D-7765-4DA4-B851-34475E91214A}.Debug|Any CPU.Build.0 = Debug|Any CPU
		{DAD3EF3D-7765-4DA4-B851-34475E91214A}.Debug|Any CPU.Deploy.0 = Debug|Any CPU
		{DAD3EF3D-7765-4DA4-B851-34475E91214A}.Release|Any CPU.ActiveCfg = Release|Any CPU
		{DAD3EF3D-7765-4DA4-B851-34475E91214A}.Release|Any CPU.Build.0 = Release|Any CPU
		{DAD3EF3D-7765-4DA4-B851-34475E91214A}.Release|Any CPU.Deploy.0 = Release|Any CPU
	EndGlobalSection
	GlobalSection(SolutionProperties) = preSolution
		HideSolutionNode = FALSE
	EndGlobalSection
	GlobalSection(ExtensibilityGlobals) = postSolution
		SolutionGuid = {40CAF73B-E27F-402C-9D01-B8989B916535}
	EndGlobalSection
EndGlobal
